
Microsoft Visual Studio Solution File, Format Version 12.00
# Visual Studio Version 16
VisualStudioVersion = 16.0.32002.261
MinimumVisualStudioVersion = 10.0.40219.1
Project("{9A19103F-16F7-4668-BE54-9A1E7A4F7556}") = "Mission2Assignment", "Mission2Assignment\Mission2Assignment.csproj", "{A1467346-DAB9-4A73-A63F-D3BDB0D6D55C}"
EndProject
Global
	GlobalSection(SolutionConfigurationPlatforms) = preSolution
		Debug|Any CPU = Debug|Any CPU
		Release|Any CPU = Release|Any CPU
	EndGlobalSection
	GlobalSection(ProjectConfigurationPlatforms) = postSolution
		{A1467346-DAB9-4A73-A63F-D3BDB0D6D55C}.Debug|Any CPU.ActiveCfg = Debug|Any CPU
		{A1467346-DAB9-4A73-A63F-D3BDB0D6D55C}.Debug|Any CPU.Build.0 = Debug|Any CPU
		{A1467346-DAB9-4A73-A63F-D3BDB0D6D55C}.Release|Any CPU.ActiveCfg = Release|Any CPU
		{A1467346-DAB9-4A73-A63F-D3BDB0D6D55C}.Release|Any CPU.Build.0 = Release|Any CPU
	EndGlobalSection
	GlobalSection(SolutionProperties) = preSolution
		HideSolutionNode = FALSE
	EndGlobalSection
	GlobalSection(ExtensibilityGlobals) = postSolution
		SolutionGuid = {B5035A30-3978-486C-94DF-006E920A2041}
	EndGlobalSection
EndGlobal
